
Microsoft Visual Studio Solution File, Format Version 12.00
# Visual Studio 14
VisualStudioVersion = 14.0.25420.1
MinimumVisualStudioVersion = 10.0.40219.1
Project("{FAE04EC0-301F-11D3-BF4B-00C04F79EFBC}") = "SingletonPattern", "SingletonPattern\SingletonPattern.csproj", "{CD85B455-F185-4C19-83D1-444C5E9DF871}"
EndProject
Project("{FAE04EC0-301F-11D3-BF4B-00C04F79EFBC}") = "SimpleSingletonPattern", "SimpleSingletonPattern\SimpleSingletonPattern.csproj", "{F0394C5F-A843-48A9-A469-B3714D9A332C}"
EndProject
Project("{FAE04EC0-301F-11D3-BF4B-00C04F79EFBC}") = "ThreadSafeSingletonPattern", "ThreadSafeSingletonPattern\ThreadSafeSingletonPattern.csproj", "{9AEF0449-19F0-430D-8578-DC45C8C76D15}"
EndProject
Project("{FAE04EC0-301F-11D3-BF4B-00C04F79EFBC}") = "Lazy_Singleton_", "Lazy_Singleton_\Lazy_Singleton_.csproj", "{DAA829A5-79F5-4A16-B616-3A8E9479E118}"
EndProject
Global
	GlobalSection(SolutionConfigurationPlatforms) = preSolution
		Debug|Any CPU = Debug|Any CPU
		Release|Any CPU = Release|Any CPU
	EndGlobalSection
	GlobalSection(ProjectConfigurationPlatforms) = postSolution
		{CD85B455-F185-4C19-83D1-444C5E9DF871}.Debug|Any CPU.ActiveCfg = Debug|Any CPU
		{CD85B455-F185-4C19-83D1-444C5E9DF871}.Debug|Any CPU.Build.0 = Debug|Any CPU
		{CD85B455-F185-4C19-83D1-444C5E9DF871}.Release|Any CPU.ActiveCfg = Release|Any CPU
		{CD85B455-F185-4C19-83D1-444C5E9DF871}.Release|Any CPU.Build.0 = Release|Any CPU
		{F0394C5F-A843-48A9-A469-B3714D9A332C}.Debug|Any CPU.ActiveCfg = Debug|Any CPU
		{F0394C5F-A843-48A9-A469-B3714D9A332C}.Debug|Any CPU.Build.0 = Debug|Any CPU
		{F0394C5F-A843-48A9-A469-B3714D9A332C}.Release|Any CPU.ActiveCfg = Release|Any CPU
		{F0394C5F-A843-48A9-A469-B3714D9A332C}.Release|Any CPU.Build.0 = Release|Any CPU
		{9AEF0449-19F0-430D-8578-DC45C8C76D15}.Debug|Any CPU.ActiveCfg = Debug|Any CPU
		{9AEF0449-19F0-430D-8578-DC45C8C76D15}.Debug|Any CPU.Build.0 = Debug|Any CPU
		{9AEF0449-19F0-430D-8578-DC45C8C76D15}.Release|Any CPU.ActiveCfg = Release|Any CPU
		{9AEF0449-19F0-430D-8578-DC45C8C76D15}.Release|Any CPU.Build.0 = Release|Any CPU
		{DAA829A5-79F5-4A16-B616-3A8E9479E118}.Debug|Any CPU.ActiveCfg = Debug|Any CPU
		{DAA829A5-79F5-4A16-B616-3A8E9479E118}.Debug|Any CPU.Build.0 = Debug|Any CPU
		{DAA829A5-79F5-4A16-B616-3A8E9479E118}.Release|Any CPU.ActiveCfg = Release|Any CPU
		{DAA829A5-79F5-4A16-B616-3A8E9479E118}.Release|Any CPU.Build.0 = Release|Any CPU
	EndGlobalSection
	GlobalSection(SolutionProperties) = preSolution
		HideSolutionNode = FALSE
	EndGlobalSection
EndGlobal
